{
    "_readme": [
        "This file locks the dependencies of your project to a known state",
        "Read more about it at https://getcomposer.org/doc/01-basic-usage.md#composer-lock-the-lock-file",
        "This file is @generated automatically"
    ],
    "content-hash": "a88802765600d5ae316ce7a51f1ec2dc",
    "packages": [
        {
            "name": "spatie/robots-txt",
            "version": "1.0.1",
            "source": {
                "type": "git",
                "url": "https://github.com/spatie/robots-txt.git",
                "reference": "bb52e87bcc838e6ba8eb015675e62a72a2260fd7"
            },
            "dist": {
                "type": "zip",
                "url": "https://api.github.com/repos/spatie/robots-txt/zipball/bb52e87bcc838e6ba8eb015675e62a72a2260fd7",
                "reference": "bb52e87bcc838e6ba8eb015675e62a72a2260fd7",
                "shasum": ""
            },
            "require": {
                "php": "^7.1"
            },
            "require-dev": {
                "larapack/dd": "^1.0",
                "phpunit/phpunit": "^7.0"
            },
            "type": "library",
            "autoload": {
                "psr-4": {
                    "Spatie\\Robots\\": "src"
                }
            },
            "notification-url": "https://packagist.org/downloads/",
            "license": [
                "MIT"
            ],
            "authors": [
                {
                    "name": "Brent Roose",
                    "email": "brent@spatie.be",
                    "homepage": "https://spatie.be",
                    "role": "Developer"
                }
            ],
            "description": "Determine if a page may be crawled from robots.txt and robots meta tags",
            "homepage": "https://github.com/spatie/robots-txt",
            "keywords": [
                "robots-txt",
                "spatie"
            ],
            "time": "2018-05-08T19:32:54+00:00"
        },
        {
            "name": "symfony/console",
            "version": "v4.1.4",
            "source": {
                "type": "git",
                "url": "https://github.com/symfony/console.git",
                "reference": "ca80b8ced97cf07390078b29773dc384c39eee1f"
            },
            "dist": {
                "type": "zip",
                "url": "https://api.github.com/repos/symfony/console/zipball/ca80b8ced97cf07390078b29773dc384c39eee1f",
                "reference": "ca80b8ced97cf07390078b29773dc384c39eee1f",
                "shasum": ""
            },
            "require": {
                "php": "^7.1.3",
                "symfony/polyfill-mbstring": "~1.0"
            },
            "conflict": {
                "symfony/dependency-injection": "<3.4",
                "symfony/process": "<3.3"
            },
            "require-dev": {
                "psr/log": "~1.0",
                "symfony/config": "~3.4|~4.0",
                "symfony/dependency-injection": "~3.4|~4.0",
                "symfony/event-dispatcher": "~3.4|~4.0",
                "symfony/lock": "~3.4|~4.0",
                "symfony/process": "~3.4|~4.0"
            },
            "suggest": {
                "psr/log-implementation": "For using the console logger",
                "symfony/event-dispatcher": "",
                "symfony/lock": "",
                "symfony/process": ""
            },
            "type": "library",
            "extra": {
                "branch-alias": {
                    "dev-master": "4.1-dev"
                }
            },
            "autoload": {
                "psr-4": {
                    "Symfony\\Component\\Console\\": ""
                },
                "exclude-from-classmap": [
                    "/Tests/"
                ]
            },
            "notification-url": "https://packagist.org/downloads/",
            "license": [
                "MIT"
            ],
            "authors": [
                {
                    "name": "Fabien Potencier",
                    "email": "fabien@symfony.com"
                },
                {
                    "name": "Symfony Community",
                    "homepage": "https://symfony.com/contributors"
                }
            ],
            "description": "Symfony Console Component",
            "homepage": "https://symfony.com",
            "time": "2018-07-26T11:24:31+00:00"
        },
        {
            "name": "symfony/polyfill-mbstring",
            "version": "v1.9.0",
            "source": {
                "type": "git",
                "url": "https://github.com/symfony/polyfill-mbstring.git",
                "reference": "d0cd638f4634c16d8df4508e847f14e9e43168b8"
            },
            "dist": {
                "type": "zip",
                "url": "https://api.github.com/repos/symfony/polyfill-mbstring/zipball/d0cd638f4634c16d8df4508e847f14e9e43168b8",
                "reference": "d0cd638f4634c16d8df4508e847f14e9e43168b8",
                "shasum": ""
            },
            "require": {
                "php": ">=5.3.3"
            },
            "suggest": {
                "ext-mbstring": "For best performance"
            },
            "type": "library",
            "extra": {
                "branch-alias": {
                    "dev-master": "1.9-dev"
                }
            },
            "autoload": {
                "psr-4": {
                    "Symfony\\Polyfill\\Mbstring\\": ""
                },
                "files": [
                    "bootstrap.php"
                ]
            },
            "notification-url": "https://packagist.org/downloads/",
            "license": [
                "MIT"
            ],
            "authors": [
                {
                    "name": "Nicolas Grekas",
                    "email": "p@tchwork.com"
                },
                {
                    "name": "Symfony Community",
                    "homepage": "https://symfony.com/contributors"
                }
            ],
            "description": "Symfony polyfill for the Mbstring extension",
            "homepage": "https://symfony.com",
            "keywords": [
                "compatibility",
                "mbstring",
                "polyfill",
                "portable",
                "shim"
            ],
            "time": "2018-08-06T14:22:27+00:00"
        },
        {
            "name": "t1gor/robots-txt-parser",
            "version": "dev-master",
            "source": {
                "type": "git",
                "url": "https://github.com/t1gor/Robots.txt-Parser-Class.git",
                "reference": "7ff08da5625fb4f72d17b1528c60aadb184e9e68"
            },
            "dist": {
                "type": "zip",
                "url": "https://api.github.com/repos/t1gor/Robots.txt-Parser-Class/zipball/7ff08da5625fb4f72d17b1528c60aadb184e9e68",
                "reference": "7ff08da5625fb4f72d17b1528c60aadb184e9e68",
                "shasum": ""
            },
            "require": {
                "ext-mbstring": "*",
                "php": ">=5.5.0",
                "vipnytt/useragentparser": "^1.0"
            },
            "require-dev": {
                "codeclimate/php-test-reporter": ">=0.2",
                "phpunit/phpunit": "~3.7"
            },
            "type": "library",
            "autoload": {
                "classmap": [
                    "source/robotstxtparser.php"
                ]
            },
            "notification-url": "https://packagist.org/downloads/",
            "license": [
                "MIT"
            ],
            "authors": [
                {
                    "name": "Igor Timoshenkov",
                    "email": "igor.timoshenkov@gmail.com",
                    "role": "creator"
                },
                {
                    "name": "Jan-Petter Gundersen",
                    "email": "jpg@vipnytt.no",
                    "role": "contributor"
                }
            ],
            "description": "PHP class to parse robots.txt rules according to Google, Yandex, W3C and The Web Robots Pages specifications.",
            "homepage": "https://github.com/t1gor/Robots.txt-Parser-Class",
            "keywords": [
                "The Web Robots Pages",
                "W3C",
                "google",
                "parser",
                "robots.txt",
                "yandex"
            ],
            "time": "2018-07-21T20:01:19+00:00"
        },
        {
            "name": "vipnytt/useragentparser",
            "version": "v1.0.4",
            "source": {
                "type": "git",
                "url": "https://github.com/VIPnytt/UserAgentParser.git",
                "reference": "c5a6718a57088e0d45c2e36f09efabc4e008bd8c"
            },
            "dist": {
                "type": "zip",
                "url": "https://api.github.com/repos/VIPnytt/UserAgentParser/zipball/c5a6718a57088e0d45c2e36f09efabc4e008bd8c",
                "reference": "c5a6718a57088e0d45c2e36f09efabc4e008bd8c",
                "shasum": ""
            },
            "require": {
                "php": "^5.5 || ^7.0"
            },
            "require-dev": {
                "phpunit/phpunit": "^4.8.35 || ^5.7 || ^6.5"
            },
            "type": "library",
            "autoload": {
                "psr-4": {
                    "vipnytt\\": "src/"
                }
            },
            "notification-url": "https://packagist.org/downloads/",
            "license": [
                "MIT"
            ],
            "authors": [
                {
                    "name": "VIP nytt AS",
                    "email": "support@vipnytt.no",
                    "role": "Owner"
                },
                {
                    "name": "Jan-Petter Gundersen",
                    "email": "jpg@vipnytt.no",
                    "role": "Developer"
                }
            ],
            "description": "User-Agent parser for robot rule sets",
            "homepage": "https://github.com/VIPnytt/UserAgentParser",
            "keywords": [
                "REP",
                "Robots Exclusion Protocol",
                "Robots meta tag",
                "crawler",
                "robot",
                "robots.txt",
                "spider",
                "user-agent",
                "useragent",
                "x-robots-tag"
            ],
            "time": "2017-12-17T14:23:27+00:00"
        },
        {
            "name": "webignition/disallowed-character-terminated-string",
            "version": "1.0",
            "source": {
                "type": "git",
                "url": "https://github.com/webignition/disallowed-character-terminated-string.git",
                "reference": "25d12868c82b56bc0d04278e31594385ba4dddc4"
            },
            "dist": {
                "type": "zip",
                "url": "https://api.github.com/repos/webignition/disallowed-character-terminated-string/zipball/25d12868c82b56bc0d04278e31594385ba4dddc4",
                "reference": "25d12868c82b56bc0d04278e31594385ba4dddc4",
                "shasum": ""
            },
            "require": {
                "php": ">=5.3.0"
            },
            "type": "library",
            "autoload": {
                "psr-0": {
                    "": "src/"
                }
            },
            "notification-url": "https://packagist.org/downloads/",
            "license": [
                "MIT"
            ],
            "authors": [
                {
                    "name": "Jon Cram",
                    "email": "jon@webignition.net"
                }
            ],
            "description": "A string terminated by one or more disallowed characters",
            "homepage": "https://github.com/webignition/disallowed-character-terminated-string",
            "keywords": [
                "string",
                "terminated"
            ],
            "time": "2012-07-16T21:29:50+00:00"
        },
        {
            "name": "webignition/robots-txt-file",
            "version": "2.1",
            "source": {
                "type": "git",
                "url": "https://github.com/webignition/robots-txt-file.git",
                "reference": "906d4e330db47b98ea6177df2e99ec96bb98e71e"
            },
            "dist": {
                "type": "zip",
                "url": "https://api.github.com/repos/webignition/robots-txt-file/zipball/906d4e330db47b98ea6177df2e99ec96bb98e71e",
                "reference": "906d4e330db47b98ea6177df2e99ec96bb98e71e",
                "shasum": ""
            },
            "require": {
                "php": ">=5.6.0",
                "webignition/disallowed-character-terminated-string": ">=1.0"
            },
            "require-dev": {
                "phpunit/phpunit": "~5.0",
                "squizlabs/php_codesniffer": "3.*"
            },
            "type": "library",
            "autoload": {
                "psr-4": {
                    "webignition\\RobotsTxt\\": "src/",
                    "webignition\\Tests\\RobotsTxt\\": "tests/"
                }
            },
            "notification-url": "https://packagist.org/downloads/",
            "license": [
                "MIT"
            ],
            "authors": [
                {
                    "name": "Jon Cram",
                    "email": "jon@webignition.net"
                }
            ],
            "description": "Models a robots.txt file",
            "homepage": "https://github.com/webignition/robots-txt-file",
            "keywords": [
                "parser",
                "robots.txt"
            ],
            "time": "2018-03-19T11:16:44+00:00"
        }
    ],
    "packages-dev": [],
    "aliases": [],
    "minimum-stability": "stable",
    "stability-flags": {
        "nrwtaylor/stack-agent-thing": 20,
        "t1gor/robots-txt-parser": 20
    },
    "prefer-stable": false,
    "prefer-lowest": false,
    "platform": [],
    "platform-dev": []
}
